{
    "_readme": [
        "This file locks the dependencies of your project to a known state",
        "Read more about it at https://getcomposer.org/doc/01-basic-usage.md#installing-dependencies",
        "This file is @generated automatically"
    ],
    "content-hash": "4d6009c71bba14c75723e1f736182a60",
    "packages": [
        {
            "name": "khedr/elframework",
            "version": "1.0",
            "dist": {
                "type": "path",
                "url": "elframework",
                "reference": "441e88b4e372bc05e792fcd63457ec05b9727bd3"
            },
            "type": "library",
            "autoload": {
                "psr-4": {
                    "Elframework\\": "framework/",
                    "Iliuminates\\": "ilIluminates/",
                    "Contracts\\": "Contracts/"
                },
                "files": [
                    "helpers/elframework_helpers.php"
                ]
            },
            "license": [
                "MIT"
            ],
            "authors": [
                {
                    "name": "AbdELrahman",
                    "email": "abdelrahmankhed123@gmail.com"
                }
            ],
            "description": "framework",
            "transport-options": {
                "relative": true
            }
        }
    ],
    "packages-dev": [],
    "aliases": [],
    "minimum-stability": "dev",
    "stability-flags": {},
    "prefer-stable": false,
    "prefer-lowest": false,
    "platform": {
        "php": ">=8.2"
    },
    "platform-dev": {},
    "plugin-api-version": "2.6.0"
}
